
Microsoft Visual Studio Solution File, Format Version 12.00
# Visual Studio Version 17
VisualStudioVersion = 17.2.32630.192
MinimumVisualStudioVersion = 10.0.40219.1
Project("{9A19103F-16F7-4668-BE54-9A1E7A4F7556}") = "R5T.O0032.Construction", "R5T.O0032.Construction\R5T.O0032.Construction.csproj", "{2E4A29D8-9A1E-4F4A-B6EF-D4FC56589216}"
EndProject
Project("{9A19103F-16F7-4668-BE54-9A1E7A4F7556}") = "R5T.O0032", "R5T.O0032\R5T.O0032.csproj", "{7132B799-CEAB-4A60-889E-DBC045EEC22A}"
EndProject
Project("{9A19103F-16F7-4668-BE54-9A1E7A4F7556}") = "R5T.O0032.O001", "R5T.O0032.O001\R5T.O0032.O001.csproj", "{F4A64001-B5A7-4CBB-A8EE-E3C9C64D2065}"
EndProject
Project("{2150E333-8FDC-42A3-9474-1A3956D46DE8}") = "_Dependencies", "_Dependencies", "{A62A7AA6-9B99-4A0E-83C1-99EE031CE103}"
EndProject
Project("{9A19103F-16F7-4668-BE54-9A1E7A4F7556}") = "R5T.F0000", "..\..\R5T.F0000\source\R5T.F0000\R5T.F0000.csproj", "{D9117A13-BEB2-4199-B21B-9971B92D532F}"
EndProject
Project("{9A19103F-16F7-4668-BE54-9A1E7A4F7556}") = "R5T.F0002", "..\..\R5T.F0002\source\R5T.F0002\R5T.F0002.csproj", "{2F13DD34-1CC7-478F-8D71-C722B6D129BE}"
EndProject
Project("{9A19103F-16F7-4668-BE54-9A1E7A4F7556}") = "R5T.F0059", "..\..\R5T.F0059\source\R5T.F0059\R5T.F0059.csproj", "{6EE14779-120D-4AB7-9C74-CF7E9111F6CF}"
EndProject
Project("{9A19103F-16F7-4668-BE54-9A1E7A4F7556}") = "R5T.F0120", "..\..\R5T.F0120\source\R5T.F0120\R5T.F0120.csproj", "{A8AD6A67-A9F5-4101-B394-844A136FDB36}"
EndProject
Project("{9A19103F-16F7-4668-BE54-9A1E7A4F7556}") = "R5T.F0124", "..\..\R5T.F0124\source\R5T.F0124\R5T.F0124.csproj", "{1B4AB6B0-A98F-495F-8AA3-4822A1C64EFC}"
EndProject
Project("{9A19103F-16F7-4668-BE54-9A1E7A4F7556}") = "R5T.F0125", "..\..\R5T.F0125\source\R5T.F0125\R5T.F0125.csproj", "{172A09C3-EF30-41F9-B8C4-BB1585F90FE0}"
EndProject
Project("{9A19103F-16F7-4668-BE54-9A1E7A4F7556}") = "R5T.L0030.T000", "..\..\R5T.L0030\source\R5T.L0030.T000\R5T.L0030.T000.csproj", "{67A87391-0E89-4D35-8CD9-A916C5816684}"
EndProject
Project("{9A19103F-16F7-4668-BE54-9A1E7A4F7556}") = "R5T.L0030", "..\..\R5T.L0030\source\R5T.L0030\R5T.L0030.csproj", "{13C9E3BE-1A69-4E8F-A3EE-6E139007CFA6}"
EndProject
Project("{9A19103F-16F7-4668-BE54-9A1E7A4F7556}") = "R5T.L0034", "..\..\R5T.L0034\source\R5T.L0034\R5T.L0034.csproj", "{F60B9DDC-F463-4848-B017-F1E1E2614A4F}"
EndProject
Project("{9A19103F-16F7-4668-BE54-9A1E7A4F7556}") = "R5T.L0035", "..\..\R5T.L0035\source\R5T.L0035\R5T.L0035.csproj", "{14D7D3FF-D826-4A3C-9F28-75CA9F1C7B93}"
EndProject
Project("{9A19103F-16F7-4668-BE54-9A1E7A4F7556}") = "R5T.L0053", "..\..\R5T.L0053\source\R5T.L0053\R5T.L0053.csproj", "{F00A60EE-F0F7-4CB0-B904-4378682CA1E5}"
EndProject
Project("{9A19103F-16F7-4668-BE54-9A1E7A4F7556}") = "R5T.L0056", "..\..\R5T.L0056\source\R5T.L0056\R5T.L0056.csproj", "{B458F141-3156-475B-95BD-91E9D9FA045A}"
EndProject
Project("{9A19103F-16F7-4668-BE54-9A1E7A4F7556}") = "R5T.L0066", "..\..\R5T.L0066\source\R5T.L0066\R5T.L0066.csproj", "{F5926FA0-EBB4-49EC-AF1A-D51604900C21}"
EndProject
Project("{9A19103F-16F7-4668-BE54-9A1E7A4F7556}") = "R5T.L0071", "..\..\R5T.L0071\source\R5T.L0071\R5T.L0071.csproj", "{35E2E065-BE9E-4683-B24A-7285F266029A}"
EndProject
Project("{9A19103F-16F7-4668-BE54-9A1E7A4F7556}") = "R5T.L0074", "..\..\R5T.L0074\source\R5T.L0074\R5T.L0074.csproj", "{8B99EA64-1205-4883-A2C3-3C8C96377475}"
EndProject
Project("{9A19103F-16F7-4668-BE54-9A1E7A4F7556}") = "R5T.L0089.F000", "..\..\R5T.L0089\source\R5T.L0089.F000\R5T.L0089.F000.csproj", "{B3ACA3A9-4D35-49A2-AD2E-6C9CB7C61DA0}"
EndProject
Project("{9A19103F-16F7-4668-BE54-9A1E7A4F7556}") = "R5T.L0089.T000", "..\..\R5T.L0089\source\R5T.L0089.T000\R5T.L0089.T000.csproj", "{194E486B-9AAF-4E1A-9D9A-E4395304DBB0}"
EndProject
Project("{9A19103F-16F7-4668-BE54-9A1E7A4F7556}") = "R5T.L0089", "..\..\R5T.L0089\source\R5T.L0089\R5T.L0089.csproj", "{7B2A540A-9434-4082-841E-A3B48CB3B123}"
EndProject
Project("{9A19103F-16F7-4668-BE54-9A1E7A4F7556}") = "R5T.NG0006", "..\..\R5T.NG0006\source\R5T.NG0006\R5T.NG0006.csproj", "{CB06A7E8-58F4-49CE-BDEE-EAFED3E456D0}"
EndProject
Project("{9A19103F-16F7-4668-BE54-9A1E7A4F7556}") = "R5T.NG0022", "..\..\R5T.NG0022\source\R5T.NG0022\R5T.NG0022.csproj", "{320049B7-2750-4C14-BC3E-74897B6453CE}"
EndProject
Project("{9A19103F-16F7-4668-BE54-9A1E7A4F7556}") = "R5T.T0131", "..\..\R5T.T0131\source\R5T.T0131\R5T.T0131.csproj", "{F64A7ACC-4523-4310-B703-BD08C1E20255}"
EndProject
Project("{9A19103F-16F7-4668-BE54-9A1E7A4F7556}") = "R5T.T0132", "..\..\R5T.T0132\source\R5T.T0132\R5T.T0132.csproj", "{2D1B9E6D-AF74-4F89-8215-2453AE249B0E}"
EndProject
Project("{9A19103F-16F7-4668-BE54-9A1E7A4F7556}") = "R5T.T0142", "..\..\R5T.T0142\source\R5T.T0142\R5T.T0142.csproj", "{867E1C40-F8E3-418E-BA10-C57A7FC3C1D6}"
EndProject
Project("{9A19103F-16F7-4668-BE54-9A1E7A4F7556}") = "R5T.T0143", "..\..\R5T.T0143\source\R5T.T0143\R5T.T0143.csproj", "{C7007B78-2A43-45CB-91F4-7A1A768F57EA}"
EndProject
Project("{9A19103F-16F7-4668-BE54-9A1E7A4F7556}") = "R5T.T0150", "..\..\R5T.T0150\source\R5T.T0150\R5T.T0150.csproj", "{24E3D7FB-B0F1-49E1-B66B-BFBFE445FDCF}"
EndProject
Project("{9A19103F-16F7-4668-BE54-9A1E7A4F7556}") = "R5T.T0151", "..\..\R5T.T0151\source\R5T.T0151\R5T.T0151.csproj", "{83C7C362-C017-43CD-8F40-52D00C877E70}"
EndProject
Project("{9A19103F-16F7-4668-BE54-9A1E7A4F7556}") = "R5T.T0156", "..\..\R5T.T0156\source\R5T.T0156\R5T.T0156.csproj", "{9F52D005-6850-4408-B6E1-D8D77BAE80B1}"
EndProject
Project("{9A19103F-16F7-4668-BE54-9A1E7A4F7556}") = "R5T.T0158", "..\..\R5T.T0158\source\R5T.T0158\R5T.T0158.csproj", "{13FCAB67-8D5C-48A1-B0DA-A4F7EE33EDEB}"
EndProject
Project("{9A19103F-16F7-4668-BE54-9A1E7A4F7556}") = "R5T.T0159", "..\..\R5T.T0159\source\R5T.T0159\R5T.T0159.csproj", "{578C6A7B-1808-4BB5-97B2-FDE9CBED2255}"
EndProject
Project("{9A19103F-16F7-4668-BE54-9A1E7A4F7556}") = "R5T.T0172", "..\..\R5T.T0172\source\R5T.T0172\R5T.T0172.csproj", "{0DC36F9C-3E61-42A7-8387-4B90B5EE748A}"
EndProject
Project("{9A19103F-16F7-4668-BE54-9A1E7A4F7556}") = "R5T.T0174", "..\..\R5T.T0174\source\R5T.T0174\R5T.T0174.csproj", "{E5B3C1BA-C015-4F4E-8F4E-4747F7338C69}"
EndProject
Project("{9A19103F-16F7-4668-BE54-9A1E7A4F7556}") = "R5T.T0176", "..\..\R5T.T0176\source\R5T.T0176\R5T.T0176.csproj", "{5315C9CB-CDEC-48DA-8C13-A4E01E7B525C}"
EndProject
Project("{9A19103F-16F7-4668-BE54-9A1E7A4F7556}") = "R5T.T0177", "..\..\R5T.T0177\source\R5T.T0177\R5T.T0177.csproj", "{0C197F25-EA58-444C-81BB-5B46C022B5CA}"
EndProject
Project("{9A19103F-16F7-4668-BE54-9A1E7A4F7556}") = "R5T.T0178", "..\..\R5T.T0178\source\R5T.T0178\R5T.T0178.csproj", "{0D866F55-C1B9-4554-9404-3D2A792965A8}"
EndProject
Project("{9A19103F-16F7-4668-BE54-9A1E7A4F7556}") = "R5T.T0179", "..\..\R5T.T0179\source\R5T.T0179\R5T.T0179.csproj", "{798B9DFF-1D46-436F-9DD7-F4D4BF9CCAFD}"
EndProject
Project("{9A19103F-16F7-4668-BE54-9A1E7A4F7556}") = "R5T.T0180", "..\..\R5T.T0180\source\R5T.T0180\R5T.T0180.csproj", "{CC13FCB5-FFA9-44AF-A946-00A8004784FF}"
EndProject
Project("{9A19103F-16F7-4668-BE54-9A1E7A4F7556}") = "R5T.T0181", "..\..\R5T.T0181\source\R5T.T0181\R5T.T0181.csproj", "{C4D7BF10-636A-43B9-99E5-9CE4AFB3EA53}"
EndProject
Project("{9A19103F-16F7-4668-BE54-9A1E7A4F7556}") = "R5T.T0185", "..\..\R5T.T0185\source\R5T.T0185\R5T.T0185.csproj", "{BE35F6A2-2DC4-476A-A4E2-C53068279038}"
EndProject
Project("{9A19103F-16F7-4668-BE54-9A1E7A4F7556}") = "R5T.T0199.T000", "..\..\R5T.T0199\source\R5T.T0199.T000\R5T.T0199.T000.csproj", "{AB3D8C98-1352-4064-841B-F3E88C22B91F}"
EndProject
Project("{9A19103F-16F7-4668-BE54-9A1E7A4F7556}") = "R5T.T0199.T001", "..\..\R5T.T0199\source\R5T.T0199.T001\R5T.T0199.T001.csproj", "{9073FA5A-C6BC-489B-8E02-449220396E65}"
EndProject
Project("{9A19103F-16F7-4668-BE54-9A1E7A4F7556}") = "R5T.T0199", "..\..\R5T.T0199\source\R5T.T0199\R5T.T0199.csproj", "{50765EFF-E214-4278-A9FA-76905FF2F39E}"
EndProject
Project("{9A19103F-16F7-4668-BE54-9A1E7A4F7556}") = "R5T.T0203", "..\..\R5T.T0203\source\R5T.T0203\R5T.T0203.csproj", "{3DC956D4-D311-4E4E-BF49-F66936ABE0AE}"
EndProject
Project("{9A19103F-16F7-4668-BE54-9A1E7A4F7556}") = "R5T.T0213", "..\..\R5T.T0213\source\R5T.T0213\R5T.T0213.csproj", "{F66A7E9A-CF40-44EF-986B-2C6C4DC09B11}"
EndProject
Project("{9A19103F-16F7-4668-BE54-9A1E7A4F7556}") = "R5T.T0218", "..\..\R5T.T0218\source\R5T.T0218\R5T.T0218.csproj", "{4A913720-4F48-4BEB-AB07-BF219B04B5F5}"
EndProject
Project("{9A19103F-16F7-4668-BE54-9A1E7A4F7556}") = "R5T.T0219", "..\..\R5T.T0219\source\R5T.T0219\R5T.T0219.csproj", "{85854D2C-A346-4848-A73F-EC732E4B9456}"
EndProject
Project("{9A19103F-16F7-4668-BE54-9A1E7A4F7556}") = "R5T.T0220", "..\..\R5T.T0220\source\R5T.T0220\R5T.T0220.csproj", "{B34EB6F3-77CF-47E8-B4C3-DB526CA5CED8}"
EndProject
Project("{9A19103F-16F7-4668-BE54-9A1E7A4F7556}") = "R5T.T0221", "..\..\R5T.T0221\source\R5T.T0221\R5T.T0221.csproj", "{27256A0E-E88F-4024-A063-9C07203CA416}"
EndProject
Project("{9A19103F-16F7-4668-BE54-9A1E7A4F7556}") = "R5T.T0227", "..\..\R5T.T0227\source\R5T.T0227\R5T.T0227.csproj", "{6FD59C42-AB8A-4D2E-817D-0C5B001DF038}"
EndProject
Project("{9A19103F-16F7-4668-BE54-9A1E7A4F7556}") = "R5T.Y0000", "..\..\R5T.Y0000\source\R5T.Y0000\R5T.Y0000.csproj", "{6B221D6E-2E3A-441E-8D6A-FC3F75EF4B82}"
EndProject
Project("{9A19103F-16F7-4668-BE54-9A1E7A4F7556}") = "R5T.Y0006", "..\..\R5T.Y0006\source\R5T.Y0006\R5T.Y0006.csproj", "{379500C1-820D-4AAB-9568-582F33463B89}"
EndProject
Project("{9A19103F-16F7-4668-BE54-9A1E7A4F7556}") = "R5T.Z0000", "..\..\R5T.Z0000\source\R5T.Z0000\R5T.Z0000.csproj", "{5772A115-3B5F-4528-A1AB-938C705179A8}"
EndProject
Project("{9A19103F-16F7-4668-BE54-9A1E7A4F7556}") = "R5T.Z0010.Platform", "..\..\R5T.Z0010\source\R5T.Z0010.Platform\R5T.Z0010.Platform.csproj", "{7E223904-3075-40CB-85A8-0B1D881D1CE0}"
EndProject
Project("{9A19103F-16F7-4668-BE54-9A1E7A4F7556}") = "R5T.Z0010", "..\..\R5T.Z0010\source\R5T.Z0010\R5T.Z0010.csproj", "{39CF1B55-B65D-41EB-8EE9-605723B2FB1C}"
EndProject
Project("{9A19103F-16F7-4668-BE54-9A1E7A4F7556}") = "R5T.Z0057.Platform", "..\..\R5T.Z0057\source\R5T.Z0057.Platform\R5T.Z0057.Platform.csproj", "{DFFF3024-E3EC-45BD-AA7F-6AAAF547CC06}"
EndProject
Project("{9A19103F-16F7-4668-BE54-9A1E7A4F7556}") = "R5T.Z0057", "..\..\R5T.Z0057\source\R5T.Z0057\R5T.Z0057.csproj", "{83B46A4B-928B-4587-A78A-819DD594912D}"
EndProject
Project("{9A19103F-16F7-4668-BE54-9A1E7A4F7556}") = "R5T.Z0058", "..\..\R5T.Z0058\source\R5T.Z0058\R5T.Z0058.csproj", "{D41F3B62-1B5B-44E4-AAC3-7F18594BE128}"
EndProject
Project("{9A19103F-16F7-4668-BE54-9A1E7A4F7556}") = "R5T.L0073.F000", "..\..\R5T.L0073\source\R5T.L0073.F000\R5T.L0073.F000.csproj", "{944EEA41-034C-4E9D-A22D-E2CD7F6DA02E}"
EndProject
Project("{9A19103F-16F7-4668-BE54-9A1E7A4F7556}") = "R5T.L0073.F001", "..\..\R5T.L0073\source\R5T.L0073.F001\R5T.L0073.F001.csproj", "{935B6410-4A6C-4751-BADF-37092EF864AC}"
EndProject
Project("{9A19103F-16F7-4668-BE54-9A1E7A4F7556}") = "R5T.L0073.F002", "..\..\R5T.L0073\source\R5T.L0073.F002\R5T.L0073.F002.csproj", "{37F99F4F-159A-46B5-936B-6219DE79F267}"
EndProject
Project("{9A19103F-16F7-4668-BE54-9A1E7A4F7556}") = "R5T.L0073.O003", "..\..\R5T.L0073\source\R5T.L0073.O003\R5T.L0073.O003.csproj", "{2C49B3BC-740F-476F-943F-1BECC501A238}"
EndProject
Project("{9A19103F-16F7-4668-BE54-9A1E7A4F7556}") = "R5T.L0073.T001", "..\..\R5T.L0073\source\R5T.L0073.T001\R5T.L0073.T001.csproj", "{958616EF-4700-4526-9C8B-ACA85DA859C3}"
EndProject
Project("{9A19103F-16F7-4668-BE54-9A1E7A4F7556}") = "R5T.L0073.T004", "..\..\R5T.L0073\source\R5T.L0073.T004\R5T.L0073.T004.csproj", "{75061C71-9B43-4A61-94CD-7E93D8DDD780}"
EndProject
Project("{9A19103F-16F7-4668-BE54-9A1E7A4F7556}") = "R5T.L0073.Y000", "..\..\R5T.L0073\source\R5T.L0073.Y000\R5T.L0073.Y000.csproj", "{BCC9ACCC-A898-4EFA-A771-3A57D3B2C88A}"
EndProject
Project("{9A19103F-16F7-4668-BE54-9A1E7A4F7556}") = "R5T.L0073.Z001", "..\..\R5T.L0073\source\R5T.L0073.Z001\R5T.L0073.Z001.csproj", "{8F4B1870-30A3-400A-B68F-1AB6842334A9}"
EndProject
Project("{9A19103F-16F7-4668-BE54-9A1E7A4F7556}") = "R5T.L0091.T000", "..\..\R5T.L0091\source\R5T.L0091.T000\R5T.L0091.T000.csproj", "{9F701F77-C0CF-4F05-B4A4-EAACE72BCFA8}"
EndProject
Project("{9A19103F-16F7-4668-BE54-9A1E7A4F7556}") = "R5T.L0092.T001", "..\..\R5T.L0092\source\R5T.L0092.T001\R5T.L0092.T001.csproj", "{8EB3A887-0BD0-4711-852F-82F925A73513}"
EndProject
Project("{9A19103F-16F7-4668-BE54-9A1E7A4F7556}") = "R5T.L0093.T000", "..\..\R5T.L0093\source\R5T.L0093.T000\R5T.L0093.T000.csproj", "{1775BD58-EA47-41B3-BE28-D4C0F1B7CD0F}"
EndProject
Project("{9A19103F-16F7-4668-BE54-9A1E7A4F7556}") = "R5T.NG0019", "..\..\R5T.NG0019\source\R5T.NG0019\R5T.NG0019.csproj", "{C80CB729-5D5F-4031-BED9-E0C58D10B2EC}"
EndProject
Project("{9A19103F-16F7-4668-BE54-9A1E7A4F7556}") = "R5T.O0031.O001", "..\..\R5T.O0031\source\R5T.O0031.O001\R5T.O0031.O001.csproj", "{B3243FF0-851D-4413-A1AE-C1EA57FE379D}"
EndProject
Project("{9A19103F-16F7-4668-BE54-9A1E7A4F7556}") = "R5T.T0240", "..\..\R5T.T0240\source\R5T.T0240\R5T.T0240.csproj", "{7A980C2D-5B28-4959-B4C3-3902DD9DFF92}"
EndProject
Project("{9A19103F-16F7-4668-BE54-9A1E7A4F7556}") = "R5T.T0241", "..\..\R5T.T0241\source\R5T.T0241\R5T.T0241.csproj", "{66044953-6D6C-420F-B1DB-C71994BB1A63}"
EndProject
Project("{9A19103F-16F7-4668-BE54-9A1E7A4F7556}") = "R5T.T0244", "..\..\R5T.T0244\source\R5T.T0244\R5T.T0244.csproj", "{19E9AD79-F347-4203-A250-4AC21D703BE7}"
EndProject
Project("{9A19103F-16F7-4668-BE54-9A1E7A4F7556}") = "R5T.Z0064.Z000", "..\..\R5T.Z0064\source\R5T.Z0064.Z000\R5T.Z0064.Z000.csproj", "{65B4053E-BE78-4561-94B6-B2F9AAADE517}"
EndProject
Project("{9A19103F-16F7-4668-BE54-9A1E7A4F7556}") = "R5T.L0073.T003", "..\..\R5T.L0073\source\R5T.L0073.T003\R5T.L0073.T003.csproj", "{335363D2-86C7-4737-8F22-6444A02E241A}"
EndProject
Project("{9A19103F-16F7-4668-BE54-9A1E7A4F7556}") = "R5T.T0137", "..\..\R5T.T0137\source\R5T.T0137\R5T.T0137.csproj", "{01E9908E-A965-456C-BC3C-9775AF822E95}"
EndProject
Global
	GlobalSection(NestedProjects) = preSolution
		{D9117A13-BEB2-4199-B21B-9971B92D532F} = {A62A7AA6-9B99-4A0E-83C1-99EE031CE103}
		{2F13DD34-1CC7-478F-8D71-C722B6D129BE} = {A62A7AA6-9B99-4A0E-83C1-99EE031CE103}
		{6EE14779-120D-4AB7-9C74-CF7E9111F6CF} = {A62A7AA6-9B99-4A0E-83C1-99EE031CE103}
		{A8AD6A67-A9F5-4101-B394-844A136FDB36} = {A62A7AA6-9B99-4A0E-83C1-99EE031CE103}
		{1B4AB6B0-A98F-495F-8AA3-4822A1C64EFC} = {A62A7AA6-9B99-4A0E-83C1-99EE031CE103}
		{172A09C3-EF30-41F9-B8C4-BB1585F90FE0} = {A62A7AA6-9B99-4A0E-83C1-99EE031CE103}
		{67A87391-0E89-4D35-8CD9-A916C5816684} = {A62A7AA6-9B99-4A0E-83C1-99EE031CE103}
		{13C9E3BE-1A69-4E8F-A3EE-6E139007CFA6} = {A62A7AA6-9B99-4A0E-83C1-99EE031CE103}
		{F60B9DDC-F463-4848-B017-F1E1E2614A4F} = {A62A7AA6-9B99-4A0E-83C1-99EE031CE103}
		{14D7D3FF-D826-4A3C-9F28-75CA9F1C7B93} = {A62A7AA6-9B99-4A0E-83C1-99EE031CE103}
		{F00A60EE-F0F7-4CB0-B904-4378682CA1E5} = {A62A7AA6-9B99-4A0E-83C1-99EE031CE103}
		{B458F141-3156-475B-95BD-91E9D9FA045A} = {A62A7AA6-9B99-4A0E-83C1-99EE031CE103}
		{F5926FA0-EBB4-49EC-AF1A-D51604900C21} = {A62A7AA6-9B99-4A0E-83C1-99EE031CE103}
		{35E2E065-BE9E-4683-B24A-7285F266029A} = {A62A7AA6-9B99-4A0E-83C1-99EE031CE103}
		{8B99EA64-1205-4883-A2C3-3C8C96377475} = {A62A7AA6-9B99-4A0E-83C1-99EE031CE103}
		{B3ACA3A9-4D35-49A2-AD2E-6C9CB7C61DA0} = {A62A7AA6-9B99-4A0E-83C1-99EE031CE103}
		{194E486B-9AAF-4E1A-9D9A-E4395304DBB0} = {A62A7AA6-9B99-4A0E-83C1-99EE031CE103}
		{7B2A540A-9434-4082-841E-A3B48CB3B123} = {A62A7AA6-9B99-4A0E-83C1-99EE031CE103}
		{CB06A7E8-58F4-49CE-BDEE-EAFED3E456D0} = {A62A7AA6-9B99-4A0E-83C1-99EE031CE103}
		{320049B7-2750-4C14-BC3E-74897B6453CE} = {A62A7AA6-9B99-4A0E-83C1-99EE031CE103}
		{F64A7ACC-4523-4310-B703-BD08C1E20255} = {A62A7AA6-9B99-4A0E-83C1-99EE031CE103}
		{2D1B9E6D-AF74-4F89-8215-2453AE249B0E} = {A62A7AA6-9B99-4A0E-83C1-99EE031CE103}
		{867E1C40-F8E3-418E-BA10-C57A7FC3C1D6} = {A62A7AA6-9B99-4A0E-83C1-99EE031CE103}
		{C7007B78-2A43-45CB-91F4-7A1A768F57EA} = {A62A7AA6-9B99-4A0E-83C1-99EE031CE103}
		{24E3D7FB-B0F1-49E1-B66B-BFBFE445FDCF} = {A62A7AA6-9B99-4A0E-83C1-99EE031CE103}
		{83C7C362-C017-43CD-8F40-52D00C877E70} = {A62A7AA6-9B99-4A0E-83C1-99EE031CE103}
		{9F52D005-6850-4408-B6E1-D8D77BAE80B1} = {A62A7AA6-9B99-4A0E-83C1-99EE031CE103}
		{13FCAB67-8D5C-48A1-B0DA-A4F7EE33EDEB} = {A62A7AA6-9B99-4A0E-83C1-99EE031CE103}
		{578C6A7B-1808-4BB5-97B2-FDE9CBED2255} = {A62A7AA6-9B99-4A0E-83C1-99EE031CE103}
		{0DC36F9C-3E61-42A7-8387-4B90B5EE748A} = {A62A7AA6-9B99-4A0E-83C1-99EE031CE103}
		{E5B3C1BA-C015-4F4E-8F4E-4747F7338C69} = {A62A7AA6-9B99-4A0E-83C1-99EE031CE103}
		{5315C9CB-CDEC-48DA-8C13-A4E01E7B525C} = {A62A7AA6-9B99-4A0E-83C1-99EE031CE103}
		{0C197F25-EA58-444C-81BB-5B46C022B5CA} = {A62A7AA6-9B99-4A0E-83C1-99EE031CE103}
		{0D866F55-C1B9-4554-9404-3D2A792965A8} = {A62A7AA6-9B99-4A0E-83C1-99EE031CE103}
		{798B9DFF-1D46-436F-9DD7-F4D4BF9CCAFD} = {A62A7AA6-9B99-4A0E-83C1-99EE031CE103}
		{CC13FCB5-FFA9-44AF-A946-00A8004784FF} = {A62A7AA6-9B99-4A0E-83C1-99EE031CE103}
		{C4D7BF10-636A-43B9-99E5-9CE4AFB3EA53} = {A62A7AA6-9B99-4A0E-83C1-99EE031CE103}
		{BE35F6A2-2DC4-476A-A4E2-C53068279038} = {A62A7AA6-9B99-4A0E-83C1-99EE031CE103}
		{AB3D8C98-1352-4064-841B-F3E88C22B91F} = {A62A7AA6-9B99-4A0E-83C1-99EE031CE103}
		{9073FA5A-C6BC-489B-8E02-449220396E65} = {A62A7AA6-9B99-4A0E-83C1-99EE031CE103}
		{50765EFF-E214-4278-A9FA-76905FF2F39E} = {A62A7AA6-9B99-4A0E-83C1-99EE031CE103}
		{3DC956D4-D311-4E4E-BF49-F66936ABE0AE} = {A62A7AA6-9B99-4A0E-83C1-99EE031CE103}
		{F66A7E9A-CF40-44EF-986B-2C6C4DC09B11} = {A62A7AA6-9B99-4A0E-83C1-99EE031CE103}
		{4A913720-4F48-4BEB-AB07-BF219B04B5F5} = {A62A7AA6-9B99-4A0E-83C1-99EE031CE103}
		{85854D2C-A346-4848-A73F-EC732E4B9456} = {A62A7AA6-9B99-4A0E-83C1-99EE031CE103}
		{B34EB6F3-77CF-47E8-B4C3-DB526CA5CED8} = {A62A7AA6-9B99-4A0E-83C1-99EE031CE103}
		{27256A0E-E88F-4024-A063-9C07203CA416} = {A62A7AA6-9B99-4A0E-83C1-99EE031CE103}
		{6FD59C42-AB8A-4D2E-817D-0C5B001DF038} = {A62A7AA6-9B99-4A0E-83C1-99EE031CE103}
		{6B221D6E-2E3A-441E-8D6A-FC3F75EF4B82} = {A62A7AA6-9B99-4A0E-83C1-99EE031CE103}
		{379500C1-820D-4AAB-9568-582F33463B89} = {A62A7AA6-9B99-4A0E-83C1-99EE031CE103}
		{5772A115-3B5F-4528-A1AB-938C705179A8} = {A62A7AA6-9B99-4A0E-83C1-99EE031CE103}
		{7E223904-3075-40CB-85A8-0B1D881D1CE0} = {A62A7AA6-9B99-4A0E-83C1-99EE031CE103}
		{39CF1B55-B65D-41EB-8EE9-605723B2FB1C} = {A62A7AA6-9B99-4A0E-83C1-99EE031CE103}
		{DFFF3024-E3EC-45BD-AA7F-6AAAF547CC06} = {A62A7AA6-9B99-4A0E-83C1-99EE031CE103}
		{83B46A4B-928B-4587-A78A-819DD594912D} = {A62A7AA6-9B99-4A0E-83C1-99EE031CE103}
		{D41F3B62-1B5B-44E4-AAC3-7F18594BE128} = {A62A7AA6-9B99-4A0E-83C1-99EE031CE103}
		{944EEA41-034C-4E9D-A22D-E2CD7F6DA02E} = {A62A7AA6-9B99-4A0E-83C1-99EE031CE103}
		{935B6410-4A6C-4751-BADF-37092EF864AC} = {A62A7AA6-9B99-4A0E-83C1-99EE031CE103}
		{37F99F4F-159A-46B5-936B-6219DE79F267} = {A62A7AA6-9B99-4A0E-83C1-99EE031CE103}
		{2C49B3BC-740F-476F-943F-1BECC501A238} = {A62A7AA6-9B99-4A0E-83C1-99EE031CE103}
		{958616EF-4700-4526-9C8B-ACA85DA859C3} = {A62A7AA6-9B99-4A0E-83C1-99EE031CE103}
		{75061C71-9B43-4A61-94CD-7E93D8DDD780} = {A62A7AA6-9B99-4A0E-83C1-99EE031CE103}
		{BCC9ACCC-A898-4EFA-A771-3A57D3B2C88A} = {A62A7AA6-9B99-4A0E-83C1-99EE031CE103}
		{8F4B1870-30A3-400A-B68F-1AB6842334A9} = {A62A7AA6-9B99-4A0E-83C1-99EE031CE103}
		{9F701F77-C0CF-4F05-B4A4-EAACE72BCFA8} = {A62A7AA6-9B99-4A0E-83C1-99EE031CE103}
		{8EB3A887-0BD0-4711-852F-82F925A73513} = {A62A7AA6-9B99-4A0E-83C1-99EE031CE103}
		{1775BD58-EA47-41B3-BE28-D4C0F1B7CD0F} = {A62A7AA6-9B99-4A0E-83C1-99EE031CE103}
		{C80CB729-5D5F-4031-BED9-E0C58D10B2EC} = {A62A7AA6-9B99-4A0E-83C1-99EE031CE103}
		{B3243FF0-851D-4413-A1AE-C1EA57FE379D} = {A62A7AA6-9B99-4A0E-83C1-99EE031CE103}
		{7A980C2D-5B28-4959-B4C3-3902DD9DFF92} = {A62A7AA6-9B99-4A0E-83C1-99EE031CE103}
		{66044953-6D6C-420F-B1DB-C71994BB1A63} = {A62A7AA6-9B99-4A0E-83C1-99EE031CE103}
		{19E9AD79-F347-4203-A250-4AC21D703BE7} = {A62A7AA6-9B99-4A0E-83C1-99EE031CE103}
		{65B4053E-BE78-4561-94B6-B2F9AAADE517} = {A62A7AA6-9B99-4A0E-83C1-99EE031CE103}
		{335363D2-86C7-4737-8F22-6444A02E241A} = {A62A7AA6-9B99-4A0E-83C1-99EE031CE103}
		{01E9908E-A965-456C-BC3C-9775AF822E95} = {A62A7AA6-9B99-4A0E-83C1-99EE031CE103}
	EndGlobalSection
	GlobalSection(SolutionConfigurationPlatforms) = preSolution
		Debug|Any CPU = Debug|Any CPU
		Release|Any CPU = Release|Any CPU
	EndGlobalSection
	GlobalSection(ProjectConfigurationPlatforms) = postSolution
		{2E4A29D8-9A1E-4F4A-B6EF-D4FC56589216}.Debug|Any CPU.ActiveCfg = Debug|Any CPU
		{2E4A29D8-9A1E-4F4A-B6EF-D4FC56589216}.Debug|Any CPU.Build.0 = Debug|Any CPU
		{2E4A29D8-9A1E-4F4A-B6EF-D4FC56589216}.Release|Any CPU.ActiveCfg = Release|Any CPU
		{2E4A29D8-9A1E-4F4A-B6EF-D4FC56589216}.Release|Any CPU.Build.0 = Release|Any CPU
		{7132B799-CEAB-4A60-889E-DBC045EEC22A}.Debug|Any CPU.ActiveCfg = Debug|Any CPU
		{7132B799-CEAB-4A60-889E-DBC045EEC22A}.Debug|Any CPU.Build.0 = Debug|Any CPU
		{7132B799-CEAB-4A60-889E-DBC045EEC22A}.Release|Any CPU.ActiveCfg = Release|Any CPU
		{7132B799-CEAB-4A60-889E-DBC045EEC22A}.Release|Any CPU.Build.0 = Release|Any CPU
		{F4A64001-B5A7-4CBB-A8EE-E3C9C64D2065}.Debug|Any CPU.ActiveCfg = Debug|Any CPU
		{F4A64001-B5A7-4CBB-A8EE-E3C9C64D2065}.Debug|Any CPU.Build.0 = Debug|Any CPU
		{F4A64001-B5A7-4CBB-A8EE-E3C9C64D2065}.Release|Any CPU.ActiveCfg = Release|Any CPU
		{F4A64001-B5A7-4CBB-A8EE-E3C9C64D2065}.Release|Any CPU.Build.0 = Release|Any CPU
		{D9117A13-BEB2-4199-B21B-9971B92D532F}.Debug|Any CPU.ActiveCfg = Debug|Any CPU
		{D9117A13-BEB2-4199-B21B-9971B92D532F}.Debug|Any CPU.Build.0 = Debug|Any CPU
		{D9117A13-BEB2-4199-B21B-9971B92D532F}.Release|Any CPU.ActiveCfg = Release|Any CPU
		{D9117A13-BEB2-4199-B21B-9971B92D532F}.Release|Any CPU.Build.0 = Release|Any CPU
		{2F13DD34-1CC7-478F-8D71-C722B6D129BE}.Debug|Any CPU.ActiveCfg = Debug|Any CPU
		{2F13DD34-1CC7-478F-8D71-C722B6D129BE}.Debug|Any CPU.Build.0 = Debug|Any CPU
		{2F13DD34-1CC7-478F-8D71-C722B6D129BE}.Release|Any CPU.ActiveCfg = Release|Any CPU
		{2F13DD34-1CC7-478F-8D71-C722B6D129BE}.Release|Any CPU.Build.0 = Release|Any CPU
		{6EE14779-120D-4AB7-9C74-CF7E9111F6CF}.Debug|Any CPU.ActiveCfg = Debug|Any CPU
		{6EE14779-120D-4AB7-9C74-CF7E9111F6CF}.Debug|Any CPU.Build.0 = Debug|Any CPU
		{6EE14779-120D-4AB7-9C74-CF7E9111F6CF}.Release|Any CPU.ActiveCfg = Release|Any CPU
		{6EE14779-120D-4AB7-9C74-CF7E9111F6CF}.Release|Any CPU.Build.0 = Release|Any CPU
		{A8AD6A67-A9F5-4101-B394-844A136FDB36}.Debug|Any CPU.ActiveCfg = Debug|Any CPU
		{A8AD6A67-A9F5-4101-B394-844A136FDB36}.Debug|Any CPU.Build.0 = Debug|Any CPU
		{A8AD6A67-A9F5-4101-B394-844A136FDB36}.Release|Any CPU.ActiveCfg = Release|Any CPU
		{A8AD6A67-A9F5-4101-B394-844A136FDB36}.Release|Any CPU.Build.0 = Release|Any CPU
		{1B4AB6B0-A98F-495F-8AA3-4822A1C64EFC}.Debug|Any CPU.ActiveCfg = Debug|Any CPU
		{1B4AB6B0-A98F-495F-8AA3-4822A1C64EFC}.Debug|Any CPU.Build.0 = Debug|Any CPU
		{1B4AB6B0-A98F-495F-8AA3-4822A1C64EFC}.Release|Any CPU.ActiveCfg = Release|Any CPU
		{1B4AB6B0-A98F-495F-8AA3-4822A1C64EFC}.Release|Any CPU.Build.0 = Release|Any CPU
		{172A09C3-EF30-41F9-B8C4-BB1585F90FE0}.Debug|Any CPU.ActiveCfg = Debug|Any CPU
		{172A09C3-EF30-41F9-B8C4-BB1585F90FE0}.Debug|Any CPU.Build.0 = Debug|Any CPU
		{172A09C3-EF30-41F9-B8C4-BB1585F90FE0}.Release|Any CPU.ActiveCfg = Release|Any CPU
		{172A09C3-EF30-41F9-B8C4-BB1585F90FE0}.Release|Any CPU.Build.0 = Release|Any CPU
		{67A87391-0E89-4D35-8CD9-A916C5816684}.Debug|Any CPU.ActiveCfg = Debug|Any CPU
		{67A87391-0E89-4D35-8CD9-A916C5816684}.Debug|Any CPU.Build.0 = Debug|Any CPU
		{67A87391-0E89-4D35-8CD9-A916C5816684}.Release|Any CPU.ActiveCfg = Release|Any CPU
		{67A87391-0E89-4D35-8CD9-A916C5816684}.Release|Any CPU.Build.0 = Release|Any CPU
		{13C9E3BE-1A69-4E8F-A3EE-6E139007CFA6}.Debug|Any CPU.ActiveCfg = Debug|Any CPU
		{13C9E3BE-1A69-4E8F-A3EE-6E139007CFA6}.Debug|Any CPU.Build.0 = Debug|Any CPU
		{13C9E3BE-1A69-4E8F-A3EE-6E139007CFA6}.Release|Any CPU.ActiveCfg = Release|Any CPU
		{13C9E3BE-1A69-4E8F-A3EE-6E139007CFA6}.Release|Any CPU.Build.0 = Release|Any CPU
		{F60B9DDC-F463-4848-B017-F1E1E2614A4F}.Debug|Any CPU.ActiveCfg = Debug|Any CPU
		{F60B9DDC-F463-4848-B017-F1E1E2614A4F}.Debug|Any CPU.Build.0 = Debug|Any CPU
		{F60B9DDC-F463-4848-B017-F1E1E2614A4F}.Release|Any CPU.ActiveCfg = Release|Any CPU
		{F60B9DDC-F463-4848-B017-F1E1E2614A4F}.Release|Any CPU.Build.0 = Release|Any CPU
		{14D7D3FF-D826-4A3C-9F28-75CA9F1C7B93}.Debug|Any CPU.ActiveCfg = Debug|Any CPU
		{14D7D3FF-D826-4A3C-9F28-75CA9F1C7B93}.Debug|Any CPU.Build.0 = Debug|Any CPU
		{14D7D3FF-D826-4A3C-9F28-75CA9F1C7B93}.Release|Any CPU.ActiveCfg = Release|Any CPU
		{14D7D3FF-D826-4A3C-9F28-75CA9F1C7B93}.Release|Any CPU.Build.0 = Release|Any CPU
		{F00A60EE-F0F7-4CB0-B904-4378682CA1E5}.Debug|Any CPU.ActiveCfg = Debug|Any CPU
		{F00A60EE-F0F7-4CB0-B904-4378682CA1E5}.Debug|Any CPU.Build.0 = Debug|Any CPU
		{F00A60EE-F0F7-4CB0-B904-4378682CA1E5}.Release|Any CPU.ActiveCfg = Release|Any CPU
		{F00A60EE-F0F7-4CB0-B904-4378682CA1E5}.Release|Any CPU.Build.0 = Release|Any CPU
		{B458F141-3156-475B-95BD-91E9D9FA045A}.Debug|Any CPU.ActiveCfg = Debug|Any CPU
		{B458F141-3156-475B-95BD-91E9D9FA045A}.Debug|Any CPU.Build.0 = Debug|Any CPU
		{B458F141-3156-475B-95BD-91E9D9FA045A}.Release|Any CPU.ActiveCfg = Release|Any CPU
		{B458F141-3156-475B-95BD-91E9D9FA045A}.Release|Any CPU.Build.0 = Release|Any CPU
		{F5926FA0-EBB4-49EC-AF1A-D51604900C21}.Debug|Any CPU.ActiveCfg = Debug|Any CPU
		{F5926FA0-EBB4-49EC-AF1A-D51604900C21}.Debug|Any CPU.Build.0 = Debug|Any CPU
		{F5926FA0-EBB4-49EC-AF1A-D51604900C21}.Release|Any CPU.ActiveCfg = Release|Any CPU
		{F5926FA0-EBB4-49EC-AF1A-D51604900C21}.Release|Any CPU.Build.0 = Release|Any CPU
		{35E2E065-BE9E-4683-B24A-7285F266029A}.Debug|Any CPU.ActiveCfg = Debug|Any CPU
		{35E2E065-BE9E-4683-B24A-7285F266029A}.Debug|Any CPU.Build.0 = Debug|Any CPU
		{35E2E065-BE9E-4683-B24A-7285F266029A}.Release|Any CPU.ActiveCfg = Release|Any CPU
		{35E2E065-BE9E-4683-B24A-7285F266029A}.Release|Any CPU.Build.0 = Release|Any CPU
		{8B99EA64-1205-4883-A2C3-3C8C96377475}.Debug|Any CPU.ActiveCfg = Debug|Any CPU
		{8B99EA64-1205-4883-A2C3-3C8C96377475}.Debug|Any CPU.Build.0 = Debug|Any CPU
		{8B99EA64-1205-4883-A2C3-3C8C96377475}.Release|Any CPU.ActiveCfg = Release|Any CPU
		{8B99EA64-1205-4883-A2C3-3C8C96377475}.Release|Any CPU.Build.0 = Release|Any CPU
		{B3ACA3A9-4D35-49A2-AD2E-6C9CB7C61DA0}.Debug|Any CPU.ActiveCfg = Debug|Any CPU
		{B3ACA3A9-4D35-49A2-AD2E-6C9CB7C61DA0}.Debug|Any CPU.Build.0 = Debug|Any CPU
		{B3ACA3A9-4D35-49A2-AD2E-6C9CB7C61DA0}.Release|Any CPU.ActiveCfg = Release|Any CPU
		{B3ACA3A9-4D35-49A2-AD2E-6C9CB7C61DA0}.Release|Any CPU.Build.0 = Release|Any CPU
		{194E486B-9AAF-4E1A-9D9A-E4395304DBB0}.Debug|Any CPU.ActiveCfg = Debug|Any CPU
		{194E486B-9AAF-4E1A-9D9A-E4395304DBB0}.Debug|Any CPU.Build.0 = Debug|Any CPU
		{194E486B-9AAF-4E1A-9D9A-E4395304DBB0}.Release|Any CPU.ActiveCfg = Release|Any CPU
		{194E486B-9AAF-4E1A-9D9A-E4395304DBB0}.Release|Any CPU.Build.0 = Release|Any CPU
		{7B2A540A-9434-4082-841E-A3B48CB3B123}.Debug|Any CPU.ActiveCfg = Debug|Any CPU
		{7B2A540A-9434-4082-841E-A3B48CB3B123}.Debug|Any CPU.Build.0 = Debug|Any CPU
		{7B2A540A-9434-4082-841E-A3B48CB3B123}.Release|Any CPU.ActiveCfg = Release|Any CPU
		{7B2A540A-9434-4082-841E-A3B48CB3B123}.Release|Any CPU.Build.0 = Release|Any CPU
		{CB06A7E8-58F4-49CE-BDEE-EAFED3E456D0}.Debug|Any CPU.ActiveCfg = Debug|Any CPU
		{CB06A7E8-58F4-49CE-BDEE-EAFED3E456D0}.Debug|Any CPU.Build.0 = Debug|Any CPU
		{CB06A7E8-58F4-49CE-BDEE-EAFED3E456D0}.Release|Any CPU.ActiveCfg = Release|Any CPU
		{CB06A7E8-58F4-49CE-BDEE-EAFED3E456D0}.Release|Any CPU.Build.0 = Release|Any CPU
		{320049B7-2750-4C14-BC3E-74897B6453CE}.Debug|Any CPU.ActiveCfg = Debug|Any CPU
		{320049B7-2750-4C14-BC3E-74897B6453CE}.Debug|Any CPU.Build.0 = Debug|Any CPU
		{320049B7-2750-4C14-BC3E-74897B6453CE}.Release|Any CPU.ActiveCfg = Release|Any CPU
		{320049B7-2750-4C14-BC3E-74897B6453CE}.Release|Any CPU.Build.0 = Release|Any CPU
		{F64A7ACC-4523-4310-B703-BD08C1E20255}.Debug|Any CPU.ActiveCfg = Debug|Any CPU
		{F64A7ACC-4523-4310-B703-BD08C1E20255}.Debug|Any CPU.Build.0 = Debug|Any CPU
		{F64A7ACC-4523-4310-B703-BD08C1E20255}.Release|Any CPU.ActiveCfg = Release|Any CPU
		{F64A7ACC-4523-4310-B703-BD08C1E20255}.Release|Any CPU.Build.0 = Release|Any CPU
		{2D1B9E6D-AF74-4F89-8215-2453AE249B0E}.Debug|Any CPU.ActiveCfg = Debug|Any CPU
		{2D1B9E6D-AF74-4F89-8215-2453AE249B0E}.Debug|Any CPU.Build.0 = Debug|Any CPU
		{2D1B9E6D-AF74-4F89-8215-2453AE249B0E}.Release|Any CPU.ActiveCfg = Release|Any CPU
		{2D1B9E6D-AF74-4F89-8215-2453AE249B0E}.Release|Any CPU.Build.0 = Release|Any CPU
		{867E1C40-F8E3-418E-BA10-C57A7FC3C1D6}.Debug|Any CPU.ActiveCfg = Debug|Any CPU
		{867E1C40-F8E3-418E-BA10-C57A7FC3C1D6}.Debug|Any CPU.Build.0 = Debug|Any CPU
		{867E1C40-F8E3-418E-BA10-C57A7FC3C1D6}.Release|Any CPU.ActiveCfg = Release|Any CPU
		{867E1C40-F8E3-418E-BA10-C57A7FC3C1D6}.Release|Any CPU.Build.0 = Release|Any CPU
		{C7007B78-2A43-45CB-91F4-7A1A768F57EA}.Debug|Any CPU.ActiveCfg = Debug|Any CPU
		{C7007B78-2A43-45CB-91F4-7A1A768F57EA}.Debug|Any CPU.Build.0 = Debug|Any CPU
		{C7007B78-2A43-45CB-91F4-7A1A768F57EA}.Release|Any CPU.ActiveCfg = Release|Any CPU
		{C7007B78-2A43-45CB-91F4-7A1A768F57EA}.Release|Any CPU.Build.0 = Release|Any CPU
		{24E3D7FB-B0F1-49E1-B66B-BFBFE445FDCF}.Debug|Any CPU.ActiveCfg = Debug|Any CPU
		{24E3D7FB-B0F1-49E1-B66B-BFBFE445FDCF}.Debug|Any CPU.Build.0 = Debug|Any CPU
		{24E3D7FB-B0F1-49E1-B66B-BFBFE445FDCF}.Release|Any CPU.ActiveCfg = Release|Any CPU
		{24E3D7FB-B0F1-49E1-B66B-BFBFE445FDCF}.Release|Any CPU.Build.0 = Release|Any CPU
		{83C7C362-C017-43CD-8F40-52D00C877E70}.Debug|Any CPU.ActiveCfg = Debug|Any CPU
		{83C7C362-C017-43CD-8F40-52D00C877E70}.Debug|Any CPU.Build.0 = Debug|Any CPU
		{83C7C362-C017-43CD-8F40-52D00C877E70}.Release|Any CPU.ActiveCfg = Release|Any CPU
		{83C7C362-C017-43CD-8F40-52D00C877E70}.Release|Any CPU.Build.0 = Release|Any CPU
		{9F52D005-6850-4408-B6E1-D8D77BAE80B1}.Debug|Any CPU.ActiveCfg = Debug|Any CPU
		{9F52D005-6850-4408-B6E1-D8D77BAE80B1}.Debug|Any CPU.Build.0 = Debug|Any CPU
		{9F52D005-6850-4408-B6E1-D8D77BAE80B1}.Release|Any CPU.ActiveCfg = Release|Any CPU
		{9F52D005-6850-4408-B6E1-D8D77BAE80B1}.Release|Any CPU.Build.0 = Release|Any CPU
		{13FCAB67-8D5C-48A1-B0DA-A4F7EE33EDEB}.Debug|Any CPU.ActiveCfg = Debug|Any CPU
		{13FCAB67-8D5C-48A1-B0DA-A4F7EE33EDEB}.Debug|Any CPU.Build.0 = Debug|Any CPU
		{13FCAB67-8D5C-48A1-B0DA-A4F7EE33EDEB}.Release|Any CPU.ActiveCfg = Release|Any CPU
		{13FCAB67-8D5C-48A1-B0DA-A4F7EE33EDEB}.Release|Any CPU.Build.0 = Release|Any CPU
		{578C6A7B-1808-4BB5-97B2-FDE9CBED2255}.Debug|Any CPU.ActiveCfg = Debug|Any CPU
		{578C6A7B-1808-4BB5-97B2-FDE9CBED2255}.Debug|Any CPU.Build.0 = Debug|Any CPU
		{578C6A7B-1808-4BB5-97B2-FDE9CBED2255}.Release|Any CPU.ActiveCfg = Release|Any CPU
		{578C6A7B-1808-4BB5-97B2-FDE9CBED2255}.Release|Any CPU.Build.0 = Release|Any CPU
		{0DC36F9C-3E61-42A7-8387-4B90B5EE748A}.Debug|Any CPU.ActiveCfg = Debug|Any CPU
		{0DC36F9C-3E61-42A7-8387-4B90B5EE748A}.Debug|Any CPU.Build.0 = Debug|Any CPU
		{0DC36F9C-3E61-42A7-8387-4B90B5EE748A}.Release|Any CPU.ActiveCfg = Release|Any CPU
		{0DC36F9C-3E61-42A7-8387-4B90B5EE748A}.Release|Any CPU.Build.0 = Release|Any CPU
		{E5B3C1BA-C015-4F4E-8F4E-4747F7338C69}.Debug|Any CPU.ActiveCfg = Debug|Any CPU
		{E5B3C1BA-C015-4F4E-8F4E-4747F7338C69}.Debug|Any CPU.Build.0 = Debug|Any CPU
		{E5B3C1BA-C015-4F4E-8F4E-4747F7338C69}.Release|Any CPU.ActiveCfg = Release|Any CPU
		{E5B3C1BA-C015-4F4E-8F4E-4747F7338C69}.Release|Any CPU.Build.0 = Release|Any CPU
		{5315C9CB-CDEC-48DA-8C13-A4E01E7B525C}.Debug|Any CPU.ActiveCfg = Debug|Any CPU
		{5315C9CB-CDEC-48DA-8C13-A4E01E7B525C}.Debug|Any CPU.Build.0 = Debug|Any CPU
		{5315C9CB-CDEC-48DA-8C13-A4E01E7B525C}.Release|Any CPU.ActiveCfg = Release|Any CPU
		{5315C9CB-CDEC-48DA-8C13-A4E01E7B525C}.Release|Any CPU.Build.0 = Release|Any CPU
		{0C197F25-EA58-444C-81BB-5B46C022B5CA}.Debug|Any CPU.ActiveCfg = Debug|Any CPU
		{0C197F25-EA58-444C-81BB-5B46C022B5CA}.Debug|Any CPU.Build.0 = Debug|Any CPU
		{0C197F25-EA58-444C-81BB-5B46C022B5CA}.Release|Any CPU.ActiveCfg = Release|Any CPU
		{0C197F25-EA58-444C-81BB-5B46C022B5CA}.Release|Any CPU.Build.0 = Release|Any CPU
		{0D866F55-C1B9-4554-9404-3D2A792965A8}.Debug|Any CPU.ActiveCfg = Debug|Any CPU
		{0D866F55-C1B9-4554-9404-3D2A792965A8}.Debug|Any CPU.Build.0 = Debug|Any CPU
		{0D866F55-C1B9-4554-9404-3D2A792965A8}.Release|Any CPU.ActiveCfg = Release|Any CPU
		{0D866F55-C1B9-4554-9404-3D2A792965A8}.Release|Any CPU.Build.0 = Release|Any CPU
		{798B9DFF-1D46-436F-9DD7-F4D4BF9CCAFD}.Debug|Any CPU.ActiveCfg = Debug|Any CPU
		{798B9DFF-1D46-436F-9DD7-F4D4BF9CCAFD}.Debug|Any CPU.Build.0 = Debug|Any CPU
		{798B9DFF-1D46-436F-9DD7-F4D4BF9CCAFD}.Release|Any CPU.ActiveCfg = Release|Any CPU
		{798B9DFF-1D46-436F-9DD7-F4D4BF9CCAFD}.Release|Any CPU.Build.0 = Release|Any CPU
		{CC13FCB5-FFA9-44AF-A946-00A8004784FF}.Debug|Any CPU.ActiveCfg = Debug|Any CPU
		{CC13FCB5-FFA9-44AF-A946-00A8004784FF}.Debug|Any CPU.Build.0 = Debug|Any CPU
		{CC13FCB5-FFA9-44AF-A946-00A8004784FF}.Release|Any CPU.ActiveCfg = Release|Any CPU
		{CC13FCB5-FFA9-44AF-A946-00A8004784FF}.Release|Any CPU.Build.0 = Release|Any CPU
		{C4D7BF10-636A-43B9-99E5-9CE4AFB3EA53}.Debug|Any CPU.ActiveCfg = Debug|Any CPU
		{C4D7BF10-636A-43B9-99E5-9CE4AFB3EA53}.Debug|Any CPU.Build.0 = Debug|Any CPU
		{C4D7BF10-636A-43B9-99E5-9CE4AFB3EA53}.Release|Any CPU.ActiveCfg = Release|Any CPU
		{C4D7BF10-636A-43B9-99E5-9CE4AFB3EA53}.Release|Any CPU.Build.0 = Release|Any CPU
		{BE35F6A2-2DC4-476A-A4E2-C53068279038}.Debug|Any CPU.ActiveCfg = Debug|Any CPU
		{BE35F6A2-2DC4-476A-A4E2-C53068279038}.Debug|Any CPU.Build.0 = Debug|Any CPU
		{BE35F6A2-2DC4-476A-A4E2-C53068279038}.Release|Any CPU.ActiveCfg = Release|Any CPU
		{BE35F6A2-2DC4-476A-A4E2-C53068279038}.Release|Any CPU.Build.0 = Release|Any CPU
		{AB3D8C98-1352-4064-841B-F3E88C22B91F}.Debug|Any CPU.ActiveCfg = Debug|Any CPU
		{AB3D8C98-1352-4064-841B-F3E88C22B91F}.Debug|Any CPU.Build.0 = Debug|Any CPU
		{AB3D8C98-1352-4064-841B-F3E88C22B91F}.Release|Any CPU.ActiveCfg = Release|Any CPU
		{AB3D8C98-1352-4064-841B-F3E88C22B91F}.Release|Any CPU.Build.0 = Release|Any CPU
		{9073FA5A-C6BC-489B-8E02-449220396E65}.Debug|Any CPU.ActiveCfg = Debug|Any CPU
		{9073FA5A-C6BC-489B-8E02-449220396E65}.Debug|Any CPU.Build.0 = Debug|Any CPU
		{9073FA5A-C6BC-489B-8E02-449220396E65}.Release|Any CPU.ActiveCfg = Release|Any CPU
		{9073FA5A-C6BC-489B-8E02-449220396E65}.Release|Any CPU.Build.0 = Release|Any CPU
		{50765EFF-E214-4278-A9FA-76905FF2F39E}.Debug|Any CPU.ActiveCfg = Debug|Any CPU
		{50765EFF-E214-4278-A9FA-76905FF2F39E}.Debug|Any CPU.Build.0 = Debug|Any CPU
		{50765EFF-E214-4278-A9FA-76905FF2F39E}.Release|Any CPU.ActiveCfg = Release|Any CPU
		{50765EFF-E214-4278-A9FA-76905FF2F39E}.Release|Any CPU.Build.0 = Release|Any CPU
		{3DC956D4-D311-4E4E-BF49-F66936ABE0AE}.Debug|Any CPU.ActiveCfg = Debug|Any CPU
		{3DC956D4-D311-4E4E-BF49-F66936ABE0AE}.Debug|Any CPU.Build.0 = Debug|Any CPU
		{3DC956D4-D311-4E4E-BF49-F66936ABE0AE}.Release|Any CPU.ActiveCfg = Release|Any CPU
		{3DC956D4-D311-4E4E-BF49-F66936ABE0AE}.Release|Any CPU.Build.0 = Release|Any CPU
		{F66A7E9A-CF40-44EF-986B-2C6C4DC09B11}.Debug|Any CPU.ActiveCfg = Debug|Any CPU
		{F66A7E9A-CF40-44EF-986B-2C6C4DC09B11}.Debug|Any CPU.Build.0 = Debug|Any CPU
		{F66A7E9A-CF40-44EF-986B-2C6C4DC09B11}.Release|Any CPU.ActiveCfg = Release|Any CPU
		{F66A7E9A-CF40-44EF-986B-2C6C4DC09B11}.Release|Any CPU.Build.0 = Release|Any CPU
		{4A913720-4F48-4BEB-AB07-BF219B04B5F5}.Debug|Any CPU.ActiveCfg = Debug|Any CPU
		{4A913720-4F48-4BEB-AB07-BF219B04B5F5}.Debug|Any CPU.Build.0 = Debug|Any CPU
		{4A913720-4F48-4BEB-AB07-BF219B04B5F5}.Release|Any CPU.ActiveCfg = Release|Any CPU
		{4A913720-4F48-4BEB-AB07-BF219B04B5F5}.Release|Any CPU.Build.0 = Release|Any CPU
		{85854D2C-A346-4848-A73F-EC732E4B9456}.Debug|Any CPU.ActiveCfg = Debug|Any CPU
		{85854D2C-A346-4848-A73F-EC732E4B9456}.Debug|Any CPU.Build.0 = Debug|Any CPU
		{85854D2C-A346-4848-A73F-EC732E4B9456}.Release|Any CPU.ActiveCfg = Release|Any CPU
		{85854D2C-A346-4848-A73F-EC732E4B9456}.Release|Any CPU.Build.0 = Release|Any CPU
		{B34EB6F3-77CF-47E8-B4C3-DB526CA5CED8}.Debug|Any CPU.ActiveCfg = Debug|Any CPU
		{B34EB6F3-77CF-47E8-B4C3-DB526CA5CED8}.Debug|Any CPU.Build.0 = Debug|Any CPU
		{B34EB6F3-77CF-47E8-B4C3-DB526CA5CED8}.Release|Any CPU.ActiveCfg = Release|Any CPU
		{B34EB6F3-77CF-47E8-B4C3-DB526CA5CED8}.Release|Any CPU.Build.0 = Release|Any CPU
		{27256A0E-E88F-4024-A063-9C07203CA416}.Debug|Any CPU.ActiveCfg = Debug|Any CPU
		{27256A0E-E88F-4024-A063-9C07203CA416}.Debug|Any CPU.Build.0 = Debug|Any CPU
		{27256A0E-E88F-4024-A063-9C07203CA416}.Release|Any CPU.ActiveCfg = Release|Any CPU
		{27256A0E-E88F-4024-A063-9C07203CA416}.Release|Any CPU.Build.0 = Release|Any CPU
		{6FD59C42-AB8A-4D2E-817D-0C5B001DF038}.Debug|Any CPU.ActiveCfg = Debug|Any CPU
		{6FD59C42-AB8A-4D2E-817D-0C5B001DF038}.Debug|Any CPU.Build.0 = Debug|Any CPU
		{6FD59C42-AB8A-4D2E-817D-0C5B001DF038}.Release|Any CPU.ActiveCfg = Release|Any CPU
		{6FD59C42-AB8A-4D2E-817D-0C5B001DF038}.Release|Any CPU.Build.0 = Release|Any CPU
		{6B221D6E-2E3A-441E-8D6A-FC3F75EF4B82}.Debug|Any CPU.ActiveCfg = Debug|Any CPU
		{6B221D6E-2E3A-441E-8D6A-FC3F75EF4B82}.Debug|Any CPU.Build.0 = Debug|Any CPU
		{6B221D6E-2E3A-441E-8D6A-FC3F75EF4B82}.Release|Any CPU.ActiveCfg = Release|Any CPU
		{6B221D6E-2E3A-441E-8D6A-FC3F75EF4B82}.Release|Any CPU.Build.0 = Release|Any CPU
		{379500C1-820D-4AAB-9568-582F33463B89}.Debug|Any CPU.ActiveCfg = Debug|Any CPU
		{379500C1-820D-4AAB-9568-582F33463B89}.Debug|Any CPU.Build.0 = Debug|Any CPU
		{379500C1-820D-4AAB-9568-582F33463B89}.Release|Any CPU.ActiveCfg = Release|Any CPU
		{379500C1-820D-4AAB-9568-582F33463B89}.Release|Any CPU.Build.0 = Release|Any CPU
		{5772A115-3B5F-4528-A1AB-938C705179A8}.Debug|Any CPU.ActiveCfg = Debug|Any CPU
		{5772A115-3B5F-4528-A1AB-938C705179A8}.Debug|Any CPU.Build.0 = Debug|Any CPU
		{5772A115-3B5F-4528-A1AB-938C705179A8}.Release|Any CPU.ActiveCfg = Release|Any CPU
		{5772A115-3B5F-4528-A1AB-938C705179A8}.Release|Any CPU.Build.0 = Release|Any CPU
		{7E223904-3075-40CB-85A8-0B1D881D1CE0}.Debug|Any CPU.ActiveCfg = Debug|Any CPU
		{7E223904-3075-40CB-85A8-0B1D881D1CE0}.Debug|Any CPU.Build.0 = Debug|Any CPU
		{7E223904-3075-40CB-85A8-0B1D881D1CE0}.Release|Any CPU.ActiveCfg = Release|Any CPU
		{7E223904-3075-40CB-85A8-0B1D881D1CE0}.Release|Any CPU.Build.0 = Release|Any CPU
		{39CF1B55-B65D-41EB-8EE9-605723B2FB1C}.Debug|Any CPU.ActiveCfg = Debug|Any CPU
		{39CF1B55-B65D-41EB-8EE9-605723B2FB1C}.Debug|Any CPU.Build.0 = Debug|Any CPU
		{39CF1B55-B65D-41EB-8EE9-605723B2FB1C}.Release|Any CPU.ActiveCfg = Release|Any CPU
		{39CF1B55-B65D-41EB-8EE9-605723B2FB1C}.Release|Any CPU.Build.0 = Release|Any CPU
		{DFFF3024-E3EC-45BD-AA7F-6AAAF547CC06}.Debug|Any CPU.ActiveCfg = Debug|Any CPU
		{DFFF3024-E3EC-45BD-AA7F-6AAAF547CC06}.Debug|Any CPU.Build.0 = Debug|Any CPU
		{DFFF3024-E3EC-45BD-AA7F-6AAAF547CC06}.Release|Any CPU.ActiveCfg = Release|Any CPU
		{DFFF3024-E3EC-45BD-AA7F-6AAAF547CC06}.Release|Any CPU.Build.0 = Release|Any CPU
		{83B46A4B-928B-4587-A78A-819DD594912D}.Debug|Any CPU.ActiveCfg = Debug|Any CPU
		{83B46A4B-928B-4587-A78A-819DD594912D}.Debug|Any CPU.Build.0 = Debug|Any CPU
		{83B46A4B-928B-4587-A78A-819DD594912D}.Release|Any CPU.ActiveCfg = Release|Any CPU
		{83B46A4B-928B-4587-A78A-819DD594912D}.Release|Any CPU.Build.0 = Release|Any CPU
		{D41F3B62-1B5B-44E4-AAC3-7F18594BE128}.Debug|Any CPU.ActiveCfg = Debug|Any CPU
		{D41F3B62-1B5B-44E4-AAC3-7F18594BE128}.Debug|Any CPU.Build.0 = Debug|Any CPU
		{D41F3B62-1B5B-44E4-AAC3-7F18594BE128}.Release|Any CPU.ActiveCfg = Release|Any CPU
		{D41F3B62-1B5B-44E4-AAC3-7F18594BE128}.Release|Any CPU.Build.0 = Release|Any CPU
		{944EEA41-034C-4E9D-A22D-E2CD7F6DA02E}.Debug|Any CPU.ActiveCfg = Debug|Any CPU
		{944EEA41-034C-4E9D-A22D-E2CD7F6DA02E}.Debug|Any CPU.Build.0 = Debug|Any CPU
		{944EEA41-034C-4E9D-A22D-E2CD7F6DA02E}.Release|Any CPU.ActiveCfg = Release|Any CPU
		{944EEA41-034C-4E9D-A22D-E2CD7F6DA02E}.Release|Any CPU.Build.0 = Release|Any CPU
		{935B6410-4A6C-4751-BADF-37092EF864AC}.Debug|Any CPU.ActiveCfg = Debug|Any CPU
		{935B6410-4A6C-4751-BADF-37092EF864AC}.Debug|Any CPU.Build.0 = Debug|Any CPU
		{935B6410-4A6C-4751-BADF-37092EF864AC}.Release|Any CPU.ActiveCfg = Release|Any CPU
		{935B6410-4A6C-4751-BADF-37092EF864AC}.Release|Any CPU.Build.0 = Release|Any CPU
		{37F99F4F-159A-46B5-936B-6219DE79F267}.Debug|Any CPU.ActiveCfg = Debug|Any CPU
		{37F99F4F-159A-46B5-936B-6219DE79F267}.Debug|Any CPU.Build.0 = Debug|Any CPU
		{37F99F4F-159A-46B5-936B-6219DE79F267}.Release|Any CPU.ActiveCfg = Release|Any CPU
		{37F99F4F-159A-46B5-936B-6219DE79F267}.Release|Any CPU.Build.0 = Release|Any CPU
		{2C49B3BC-740F-476F-943F-1BECC501A238}.Debug|Any CPU.ActiveCfg = Debug|Any CPU
		{2C49B3BC-740F-476F-943F-1BECC501A238}.Debug|Any CPU.Build.0 = Debug|Any CPU
		{2C49B3BC-740F-476F-943F-1BECC501A238}.Release|Any CPU.ActiveCfg = Release|Any CPU
		{2C49B3BC-740F-476F-943F-1BECC501A238}.Release|Any CPU.Build.0 = Release|Any CPU
		{958616EF-4700-4526-9C8B-ACA85DA859C3}.Debug|Any CPU.ActiveCfg = Debug|Any CPU
		{958616EF-4700-4526-9C8B-ACA85DA859C3}.Debug|Any CPU.Build.0 = Debug|Any CPU
		{958616EF-4700-4526-9C8B-ACA85DA859C3}.Release|Any CPU.ActiveCfg = Release|Any CPU
		{958616EF-4700-4526-9C8B-ACA85DA859C3}.Release|Any CPU.Build.0 = Release|Any CPU
		{75061C71-9B43-4A61-94CD-7E93D8DDD780}.Debug|Any CPU.ActiveCfg = Debug|Any CPU
		{75061C71-9B43-4A61-94CD-7E93D8DDD780}.Debug|Any CPU.Build.0 = Debug|Any CPU
		{75061C71-9B43-4A61-94CD-7E93D8DDD780}.Release|Any CPU.ActiveCfg = Release|Any CPU
		{75061C71-9B43-4A61-94CD-7E93D8DDD780}.Release|Any CPU.Build.0 = Release|Any CPU
		{BCC9ACCC-A898-4EFA-A771-3A57D3B2C88A}.Debug|Any CPU.ActiveCfg = Debug|Any CPU
		{BCC9ACCC-A898-4EFA-A771-3A57D3B2C88A}.Debug|Any CPU.Build.0 = Debug|Any CPU
		{BCC9ACCC-A898-4EFA-A771-3A57D3B2C88A}.Release|Any CPU.ActiveCfg = Release|Any CPU
		{BCC9ACCC-A898-4EFA-A771-3A57D3B2C88A}.Release|Any CPU.Build.0 = Release|Any CPU
		{8F4B1870-30A3-400A-B68F-1AB6842334A9}.Debug|Any CPU.ActiveCfg = Debug|Any CPU
		{8F4B1870-30A3-400A-B68F-1AB6842334A9}.Debug|Any CPU.Build.0 = Debug|Any CPU
		{8F4B1870-30A3-400A-B68F-1AB6842334A9}.Release|Any CPU.ActiveCfg = Release|Any CPU
		{8F4B1870-30A3-400A-B68F-1AB6842334A9}.Release|Any CPU.Build.0 = Release|Any CPU
		{9F701F77-C0CF-4F05-B4A4-EAACE72BCFA8}.Debug|Any CPU.ActiveCfg = Debug|Any CPU
		{9F701F77-C0CF-4F05-B4A4-EAACE72BCFA8}.Debug|Any CPU.Build.0 = Debug|Any CPU
		{9F701F77-C0CF-4F05-B4A4-EAACE72BCFA8}.Release|Any CPU.ActiveCfg = Release|Any CPU
		{9F701F77-C0CF-4F05-B4A4-EAACE72BCFA8}.Release|Any CPU.Build.0 = Release|Any CPU
		{8EB3A887-0BD0-4711-852F-82F925A73513}.Debug|Any CPU.ActiveCfg = Debug|Any CPU
		{8EB3A887-0BD0-4711-852F-82F925A73513}.Debug|Any CPU.Build.0 = Debug|Any CPU
		{8EB3A887-0BD0-4711-852F-82F925A73513}.Release|Any CPU.ActiveCfg = Release|Any CPU
		{8EB3A887-0BD0-4711-852F-82F925A73513}.Release|Any CPU.Build.0 = Release|Any CPU
		{1775BD58-EA47-41B3-BE28-D4C0F1B7CD0F}.Debug|Any CPU.ActiveCfg = Debug|Any CPU
		{1775BD58-EA47-41B3-BE28-D4C0F1B7CD0F}.Debug|Any CPU.Build.0 = Debug|Any CPU
		{1775BD58-EA47-41B3-BE28-D4C0F1B7CD0F}.Release|Any CPU.ActiveCfg = Release|Any CPU
		{1775BD58-EA47-41B3-BE28-D4C0F1B7CD0F}.Release|Any CPU.Build.0 = Release|Any CPU
		{C80CB729-5D5F-4031-BED9-E0C58D10B2EC}.Debug|Any CPU.ActiveCfg = Debug|Any CPU
		{C80CB729-5D5F-4031-BED9-E0C58D10B2EC}.Debug|Any CPU.Build.0 = Debug|Any CPU
		{C80CB729-5D5F-4031-BED9-E0C58D10B2EC}.Release|Any CPU.ActiveCfg = Release|Any CPU
		{C80CB729-5D5F-4031-BED9-E0C58D10B2EC}.Release|Any CPU.Build.0 = Release|Any CPU
		{B3243FF0-851D-4413-A1AE-C1EA57FE379D}.Debug|Any CPU.ActiveCfg = Debug|Any CPU
		{B3243FF0-851D-4413-A1AE-C1EA57FE379D}.Debug|Any CPU.Build.0 = Debug|Any CPU
		{B3243FF0-851D-4413-A1AE-C1EA57FE379D}.Release|Any CPU.ActiveCfg = Release|Any CPU
		{B3243FF0-851D-4413-A1AE-C1EA57FE379D}.Release|Any CPU.Build.0 = Release|Any CPU
		{7A980C2D-5B28-4959-B4C3-3902DD9DFF92}.Debug|Any CPU.ActiveCfg = Debug|Any CPU
		{7A980C2D-5B28-4959-B4C3-3902DD9DFF92}.Debug|Any CPU.Build.0 = Debug|Any CPU
		{7A980C2D-5B28-4959-B4C3-3902DD9DFF92}.Release|Any CPU.ActiveCfg = Release|Any CPU
		{7A980C2D-5B28-4959-B4C3-3902DD9DFF92}.Release|Any CPU.Build.0 = Release|Any CPU
		{66044953-6D6C-420F-B1DB-C71994BB1A63}.Debug|Any CPU.ActiveCfg = Debug|Any CPU
		{66044953-6D6C-420F-B1DB-C71994BB1A63}.Debug|Any CPU.Build.0 = Debug|Any CPU
		{66044953-6D6C-420F-B1DB-C71994BB1A63}.Release|Any CPU.ActiveCfg = Release|Any CPU
		{66044953-6D6C-420F-B1DB-C71994BB1A63}.Release|Any CPU.Build.0 = Release|Any CPU
		{19E9AD79-F347-4203-A250-4AC21D703BE7}.Debug|Any CPU.ActiveCfg = Debug|Any CPU
		{19E9AD79-F347-4203-A250-4AC21D703BE7}.Debug|Any CPU.Build.0 = Debug|Any CPU
		{19E9AD79-F347-4203-A250-4AC21D703BE7}.Release|Any CPU.ActiveCfg = Release|Any CPU
		{19E9AD79-F347-4203-A250-4AC21D703BE7}.Release|Any CPU.Build.0 = Release|Any CPU
		{65B4053E-BE78-4561-94B6-B2F9AAADE517}.Debug|Any CPU.ActiveCfg = Debug|Any CPU
		{65B4053E-BE78-4561-94B6-B2F9AAADE517}.Debug|Any CPU.Build.0 = Debug|Any CPU
		{65B4053E-BE78-4561-94B6-B2F9AAADE517}.Release|Any CPU.ActiveCfg = Release|Any CPU
		{65B4053E-BE78-4561-94B6-B2F9AAADE517}.Release|Any CPU.Build.0 = Release|Any CPU
		{335363D2-86C7-4737-8F22-6444A02E241A}.Debug|Any CPU.ActiveCfg = Debug|Any CPU
		{335363D2-86C7-4737-8F22-6444A02E241A}.Debug|Any CPU.Build.0 = Debug|Any CPU
		{335363D2-86C7-4737-8F22-6444A02E241A}.Release|Any CPU.ActiveCfg = Release|Any CPU
		{335363D2-86C7-4737-8F22-6444A02E241A}.Release|Any CPU.Build.0 = Release|Any CPU
		{01E9908E-A965-456C-BC3C-9775AF822E95}.Debug|Any CPU.ActiveCfg = Debug|Any CPU
		{01E9908E-A965-456C-BC3C-9775AF822E95}.Debug|Any CPU.Build.0 = Debug|Any CPU
		{01E9908E-A965-456C-BC3C-9775AF822E95}.Release|Any CPU.ActiveCfg = Release|Any CPU
		{01E9908E-A965-456C-BC3C-9775AF822E95}.Release|Any CPU.Build.0 = Release|Any CPU
	EndGlobalSection
	GlobalSection(SolutionProperties) = preSolution
		HideSolutionNode = FALSE
	EndGlobalSection
	GlobalSection(ExtensibilityGlobals) = postSolution
		SolutionGuid = {E8E0E69A-8AB7-430D-B89B-E2284AD2C9B9}
	EndGlobalSection
EndGlobal
